
Microsoft Visual Studio Solution File, Format Version 12.00
# Visual Studio Version 17
VisualStudioVersion = 17.4.33110.190
MinimumVisualStudioVersion = 10.0.40219.1
Project("{FAE04EC0-301F-11D3-BF4B-00C04F79EFBC}") = "ShapeAreaCalculation", "ShapeAreaCalculation\ShapeAreaCalculation.csproj", "{8BE03252-E640-48D7-B0EA-990DCA28F978}"
EndProject
Project("{FAE04EC0-301F-11D3-BF4B-00C04F79EFBC}") = "ShapeAreaCalculatingTest", "ShapeAreaCalculatingTest\ShapeAreaCalculatingTest.csproj", "{61763A11-6932-412A-99A8-182319637BB8}"
EndProject
Global
	GlobalSection(SolutionConfigurationPlatforms) = preSolution
		Debug|Any CPU = Debug|Any CPU
		Release|Any CPU = Release|Any CPU
	EndGlobalSection
	GlobalSection(ProjectConfigurationPlatforms) = postSolution
		{8BE03252-E640-48D7-B0EA-990DCA28F978}.Debug|Any CPU.ActiveCfg = Debug|Any CPU
		{8BE03252-E640-48D7-B0EA-990DCA28F978}.Debug|Any CPU.Build.0 = Debug|Any CPU
		{8BE03252-E640-48D7-B0EA-990DCA28F978}.Release|Any CPU.ActiveCfg = Release|Any CPU
		{8BE03252-E640-48D7-B0EA-990DCA28F978}.Release|Any CPU.Build.0 = Release|Any CPU
		{61763A11-6932-412A-99A8-182319637BB8}.Debug|Any CPU.ActiveCfg = Debug|Any CPU
		{61763A11-6932-412A-99A8-182319637BB8}.Debug|Any CPU.Build.0 = Debug|Any CPU
		{61763A11-6932-412A-99A8-182319637BB8}.Release|Any CPU.ActiveCfg = Release|Any CPU
		{61763A11-6932-412A-99A8-182319637BB8}.Release|Any CPU.Build.0 = Release|Any CPU
	EndGlobalSection
	GlobalSection(SolutionProperties) = preSolution
		HideSolutionNode = FALSE
	EndGlobalSection
	GlobalSection(ExtensibilityGlobals) = postSolution
		SolutionGuid = {279C490F-DD02-4B50-9895-6D48164BEACC}
	EndGlobalSection
EndGlobal
